
Microsoft Visual Studio Solution File, Format Version 12.00
# Visual Studio Version 17
VisualStudioVersion = 17.5.33516.290
MinimumVisualStudioVersion = 10.0.40219.1
Project("{FAE04EC0-301F-11D3-BF4B-00C04F79EFBC}") = "CleanArchitect", "CleanArchitect\CleanArchitect.csproj", "{C2466BB2-D235-4648-BF98-EB54DEC6AE9F}"
EndProject
Project("{FAE04EC0-301F-11D3-BF4B-00C04F79EFBC}") = "Application", "Application\Application.csproj", "{5FD711C1-F063-431F-8A47-93192CD02D92}"
EndProject
Project("{FAE04EC0-301F-11D3-BF4B-00C04F79EFBC}") = "Domain", "Domain\Domain.csproj", "{44610339-C633-4979-8747-D8A850CEAEE6}"
EndProject
Project("{FAE04EC0-301F-11D3-BF4B-00C04F79EFBC}") = "Infrastucture", "Infrastucture\Infrastucture.csproj", "{2768D3C1-FB0E-4479-9E95-B988103CBFC6}"
EndProject
Project("{FAE04EC0-301F-11D3-BF4B-00C04F79EFBC}") = "Persistence", "Persistence\Persistence.csproj", "{A45CED6A-3451-4D41-81DA-E79EBFBA4DA0}"
EndProject
Global
	GlobalSection(SolutionConfigurationPlatforms) = preSolution
		Debug|Any CPU = Debug|Any CPU
		Release|Any CPU = Release|Any CPU
	EndGlobalSection
	GlobalSection(ProjectConfigurationPlatforms) = postSolution
		{C2466BB2-D235-4648-BF98-EB54DEC6AE9F}.Debug|Any CPU.ActiveCfg = Debug|Any CPU
		{C2466BB2-D235-4648-BF98-EB54DEC6AE9F}.Debug|Any CPU.Build.0 = Debug|Any CPU
		{C2466BB2-D235-4648-BF98-EB54DEC6AE9F}.Release|Any CPU.ActiveCfg = Release|Any CPU
		{C2466BB2-D235-4648-BF98-EB54DEC6AE9F}.Release|Any CPU.Build.0 = Release|Any CPU
		{5FD711C1-F063-431F-8A47-93192CD02D92}.Debug|Any CPU.ActiveCfg = Debug|Any CPU
		{5FD711C1-F063-431F-8A47-93192CD02D92}.Debug|Any CPU.Build.0 = Debug|Any CPU
		{5FD711C1-F063-431F-8A47-93192CD02D92}.Release|Any CPU.ActiveCfg = Release|Any CPU
		{5FD711C1-F063-431F-8A47-93192CD02D92}.Release|Any CPU.Build.0 = Release|Any CPU
		{44610339-C633-4979-8747-D8A850CEAEE6}.Debug|Any CPU.ActiveCfg = Debug|Any CPU
		{44610339-C633-4979-8747-D8A850CEAEE6}.Debug|Any CPU.Build.0 = Debug|Any CPU
		{44610339-C633-4979-8747-D8A850CEAEE6}.Release|Any CPU.ActiveCfg = Release|Any CPU
		{44610339-C633-4979-8747-D8A850CEAEE6}.Release|Any CPU.Build.0 = Release|Any CPU
		{2768D3C1-FB0E-4479-9E95-B988103CBFC6}.Debug|Any CPU.ActiveCfg = Debug|Any CPU
		{2768D3C1-FB0E-4479-9E95-B988103CBFC6}.Debug|Any CPU.Build.0 = Debug|Any CPU
		{2768D3C1-FB0E-4479-9E95-B988103CBFC6}.Release|Any CPU.ActiveCfg = Release|Any CPU
		{2768D3C1-FB0E-4479-9E95-B988103CBFC6}.Release|Any CPU.Build.0 = Release|Any CPU
		{A45CED6A-3451-4D41-81DA-E79EBFBA4DA0}.Debug|Any CPU.ActiveCfg = Debug|Any CPU
		{A45CED6A-3451-4D41-81DA-E79EBFBA4DA0}.Debug|Any CPU.Build.0 = Debug|Any CPU
		{A45CED6A-3451-4D41-81DA-E79EBFBA4DA0}.Release|Any CPU.ActiveCfg = Release|Any CPU
		{A45CED6A-3451-4D41-81DA-E79EBFBA4DA0}.Release|Any CPU.Build.0 = Release|Any CPU
	EndGlobalSection
	GlobalSection(SolutionProperties) = preSolution
		HideSolutionNode = FALSE
	EndGlobalSection
	GlobalSection(ExtensibilityGlobals) = postSolution
		SolutionGuid = {0C2465FC-5C18-414E-AFB8-70C23DB79C37}
	EndGlobalSection
EndGlobal
